
Microsoft Visual Studio Solution File, Format Version 12.00
# Visual Studio Version 16
VisualStudioVersion = 16.0.30011.22
MinimumVisualStudioVersion = 10.0.40219.1
Project("{FAE04EC0-301F-11D3-BF4B-00C04F79EFBC}") = "Figuras", "Figuras\Figuras.csproj", "{DFDD8295-FAA6-443A-9D06-98856DF8691D}"
EndProject
Global
	GlobalSection(SolutionConfigurationPlatforms) = preSolution
		Debug|Any CPU = Debug|Any CPU
		Release|Any CPU = Release|Any CPU
	EndGlobalSection
	GlobalSection(ProjectConfigurationPlatforms) = postSolution
		{DFDD8295-FAA6-443A-9D06-98856DF8691D}.Debug|Any CPU.ActiveCfg = Debug|Any CPU
		{DFDD8295-FAA6-443A-9D06-98856DF8691D}.Debug|Any CPU.Build.0 = Debug|Any CPU
		{DFDD8295-FAA6-443A-9D06-98856DF8691D}.Release|Any CPU.ActiveCfg = Release|Any CPU
		{DFDD8295-FAA6-443A-9D06-98856DF8691D}.Release|Any CPU.Build.0 = Release|Any CPU
	EndGlobalSection
	GlobalSection(SolutionProperties) = preSolution
		HideSolutionNode = FALSE
	EndGlobalSection
	GlobalSection(ExtensibilityGlobals) = postSolution
		SolutionGuid = {C58473D9-4EA0-4E30-A649-06A3502A4D19}
	EndGlobalSection
EndGlobal
